
Microsoft Visual Studio Solution File, Format Version 12.00
Project("{FAE04EC0-301F-11D3-BF4B-00C04F79EFBC}") = "Kvikmynd.WebAPI", "Kvikmynd.WebAPI\Kvikmynd.WebAPI.csproj", "{75F359D1-A1EF-4214-B03F-ECFE6E8F9AAF}"
EndProject
Project("{FAE04EC0-301F-11D3-BF4B-00C04F79EFBC}") = "Kvikmynd.Domain", "Kvikmynd.Domain\Kvikmynd.Domain.csproj", "{CE656A52-1977-4B4A-A405-188D417029BB}"
EndProject
Project("{FAE04EC0-301F-11D3-BF4B-00C04F79EFBC}") = "Kvikmynd.Infrastructure.SqlServer", "Kvikmynd.Infrastructure.SqlServer\Kvikmynd.Infrastructure.SqlServer.csproj", "{93FBAE89-E203-4BF5-8F1B-B8A3E0512F18}"
EndProject
Project("{FAE04EC0-301F-11D3-BF4B-00C04F79EFBC}") = "Kvikmynd.Application", "Kvikmynd.Application\Kvikmynd.Application.csproj", "{31A51A51-5E7A-4818-8877-4297EBCF346C}"
EndProject
Project("{FAE04EC0-301F-11D3-BF4B-00C04F79EFBC}") = "Kvikmynd.Infrastructure.PostgreSQL", "Kvikmynd.Infrastructure.PostgreSQL\Kvikmynd.Infrastructure.PostgreSQL.csproj", "{08092CD8-F8A7-47FF-86A5-4873B65FF630}"
EndProject
Project("{FAE04EC0-301F-11D3-BF4B-00C04F79EFBC}") = "Kvikmynd.Infrastructure.Shared", "Kvikmynd.Infrastructure.Shared\Kvikmynd.Infrastructure.Shared.csproj", "{218898C4-4F63-4799-8AB3-58658206F661}"
EndProject
Global
	GlobalSection(SolutionConfigurationPlatforms) = preSolution
		Debug|Any CPU = Debug|Any CPU
		Release|Any CPU = Release|Any CPU
	EndGlobalSection
	GlobalSection(ProjectConfigurationPlatforms) = postSolution
		{75F359D1-A1EF-4214-B03F-ECFE6E8F9AAF}.Debug|Any CPU.ActiveCfg = Debug|Any CPU
		{75F359D1-A1EF-4214-B03F-ECFE6E8F9AAF}.Debug|Any CPU.Build.0 = Debug|Any CPU
		{75F359D1-A1EF-4214-B03F-ECFE6E8F9AAF}.Release|Any CPU.ActiveCfg = Release|Any CPU
		{75F359D1-A1EF-4214-B03F-ECFE6E8F9AAF}.Release|Any CPU.Build.0 = Release|Any CPU
		{CE656A52-1977-4B4A-A405-188D417029BB}.Debug|Any CPU.ActiveCfg = Debug|Any CPU
		{CE656A52-1977-4B4A-A405-188D417029BB}.Debug|Any CPU.Build.0 = Debug|Any CPU
		{CE656A52-1977-4B4A-A405-188D417029BB}.Release|Any CPU.ActiveCfg = Release|Any CPU
		{CE656A52-1977-4B4A-A405-188D417029BB}.Release|Any CPU.Build.0 = Release|Any CPU
		{93FBAE89-E203-4BF5-8F1B-B8A3E0512F18}.Debug|Any CPU.ActiveCfg = Debug|Any CPU
		{93FBAE89-E203-4BF5-8F1B-B8A3E0512F18}.Debug|Any CPU.Build.0 = Debug|Any CPU
		{93FBAE89-E203-4BF5-8F1B-B8A3E0512F18}.Release|Any CPU.ActiveCfg = Release|Any CPU
		{93FBAE89-E203-4BF5-8F1B-B8A3E0512F18}.Release|Any CPU.Build.0 = Release|Any CPU
		{31A51A51-5E7A-4818-8877-4297EBCF346C}.Debug|Any CPU.ActiveCfg = Debug|Any CPU
		{31A51A51-5E7A-4818-8877-4297EBCF346C}.Debug|Any CPU.Build.0 = Debug|Any CPU
		{31A51A51-5E7A-4818-8877-4297EBCF346C}.Release|Any CPU.ActiveCfg = Release|Any CPU
		{31A51A51-5E7A-4818-8877-4297EBCF346C}.Release|Any CPU.Build.0 = Release|Any CPU
		{08092CD8-F8A7-47FF-86A5-4873B65FF630}.Debug|Any CPU.ActiveCfg = Debug|Any CPU
		{08092CD8-F8A7-47FF-86A5-4873B65FF630}.Debug|Any CPU.Build.0 = Debug|Any CPU
		{08092CD8-F8A7-47FF-86A5-4873B65FF630}.Release|Any CPU.ActiveCfg = Release|Any CPU
		{08092CD8-F8A7-47FF-86A5-4873B65FF630}.Release|Any CPU.Build.0 = Release|Any CPU
		{218898C4-4F63-4799-8AB3-58658206F661}.Debug|Any CPU.ActiveCfg = Debug|Any CPU
		{218898C4-4F63-4799-8AB3-58658206F661}.Debug|Any CPU.Build.0 = Debug|Any CPU
		{218898C4-4F63-4799-8AB3-58658206F661}.Release|Any CPU.ActiveCfg = Release|Any CPU
		{218898C4-4F63-4799-8AB3-58658206F661}.Release|Any CPU.Build.0 = Release|Any CPU
	EndGlobalSection
EndGlobal
